
Microsoft Visual Studio Solution File, Format Version 12.00
# Visual Studio 2013
VisualStudioVersion = 12.0.31101.0
MinimumVisualStudioVersion = 10.0.40219.1
Project("{FAE04EC0-301F-11D3-BF4B-00C04F79EFBC}") = "RaspberryPiThermometer", "RaspberryPiThermometer\RaspberryPiThermometer.csproj", "{6707CC81-40B6-4811-9D0E-A0F5AD6B9CA4}"
EndProject
Project("{2150E333-8FDC-42A3-9474-1A3956D46DE8}") = ".nuget", ".nuget", "{4FDBDB20-1258-4C6D-9EF9-DF673ED3A482}"
EndProject
Project("{FAE04EC0-301F-11D3-BF4B-00C04F79EFBC}") = "RaspberryPiThermometer.Client", "RaspberryPiThermometer.Client\RaspberryPiThermometer.Client\RaspberryPiThermometer.Client.csproj", "{5BFE2503-E1D6-407F-862D-C3D496D15651}"
EndProject
Global
	GlobalSection(SolutionConfigurationPlatforms) = preSolution
		Debug|Any CPU = Debug|Any CPU
		Debug|ARM = Debug|ARM
		Debug|x86 = Debug|x86
		Release|Any CPU = Release|Any CPU
		Release|ARM = Release|ARM
		Release|x86 = Release|x86
	EndGlobalSection
	GlobalSection(ProjectConfigurationPlatforms) = postSolution
		{6707CC81-40B6-4811-9D0E-A0F5AD6B9CA4}.Debug|Any CPU.ActiveCfg = Debug|Any CPU
		{6707CC81-40B6-4811-9D0E-A0F5AD6B9CA4}.Debug|Any CPU.Build.0 = Debug|Any CPU
		{6707CC81-40B6-4811-9D0E-A0F5AD6B9CA4}.Debug|ARM.ActiveCfg = Debug|Any CPU
		{6707CC81-40B6-4811-9D0E-A0F5AD6B9CA4}.Debug|x86.ActiveCfg = Debug|Any CPU
		{6707CC81-40B6-4811-9D0E-A0F5AD6B9CA4}.Release|Any CPU.ActiveCfg = Release|Any CPU
		{6707CC81-40B6-4811-9D0E-A0F5AD6B9CA4}.Release|Any CPU.Build.0 = Release|Any CPU
		{6707CC81-40B6-4811-9D0E-A0F5AD6B9CA4}.Release|ARM.ActiveCfg = Release|Any CPU
		{6707CC81-40B6-4811-9D0E-A0F5AD6B9CA4}.Release|x86.ActiveCfg = Release|Any CPU
		{5BFE2503-E1D6-407F-862D-C3D496D15651}.Debug|Any CPU.ActiveCfg = Debug|Any CPU
		{5BFE2503-E1D6-407F-862D-C3D496D15651}.Debug|Any CPU.Build.0 = Debug|Any CPU
		{5BFE2503-E1D6-407F-862D-C3D496D15651}.Debug|Any CPU.Deploy.0 = Debug|Any CPU
		{5BFE2503-E1D6-407F-862D-C3D496D15651}.Debug|ARM.ActiveCfg = Debug|ARM
		{5BFE2503-E1D6-407F-862D-C3D496D15651}.Debug|ARM.Build.0 = Debug|ARM
		{5BFE2503-E1D6-407F-862D-C3D496D15651}.Debug|ARM.Deploy.0 = Debug|ARM
		{5BFE2503-E1D6-407F-862D-C3D496D15651}.Debug|x86.ActiveCfg = Debug|x86
		{5BFE2503-E1D6-407F-862D-C3D496D15651}.Debug|x86.Build.0 = Debug|x86
		{5BFE2503-E1D6-407F-862D-C3D496D15651}.Debug|x86.Deploy.0 = Debug|x86
		{5BFE2503-E1D6-407F-862D-C3D496D15651}.Release|Any CPU.ActiveCfg = Release|Any CPU
		{5BFE2503-E1D6-407F-862D-C3D496D15651}.Release|Any CPU.Build.0 = Release|Any CPU
		{5BFE2503-E1D6-407F-862D-C3D496D15651}.Release|Any CPU.Deploy.0 = Release|Any CPU
		{5BFE2503-E1D6-407F-862D-C3D496D15651}.Release|ARM.ActiveCfg = Release|ARM
		{5BFE2503-E1D6-407F-862D-C3D496D15651}.Release|ARM.Build.0 = Release|ARM
		{5BFE2503-E1D6-407F-862D-C3D496D15651}.Release|ARM.Deploy.0 = Release|ARM
		{5BFE2503-E1D6-407F-862D-C3D496D15651}.Release|x86.ActiveCfg = Release|x86
		{5BFE2503-E1D6-407F-862D-C3D496D15651}.Release|x86.Build.0 = Release|x86
		{5BFE2503-E1D6-407F-862D-C3D496D15651}.Release|x86.Deploy.0 = Release|x86
	EndGlobalSection
	GlobalSection(SolutionProperties) = preSolution
		HideSolutionNode = FALSE
	EndGlobalSection
EndGlobal
